# THIS IS AN AUTOGENERATED FILE. DO NOT EDIT THIS FILE DIRECTLY.
# yarn lockfile v1


"@bcoin-org/bcoin@https://github.com/bcoin-org/bcoin":
  version "2.2.0"
  resolved "https://github.com/bcoin-org/bcoin#0c18028cd333bef8b0939ada8b56ae3911fd0c26"
  dependencies:
    bcfg "git+https://github.com/bcoin-org/bcfg.git#semver:~0.1.7"
    bcrypto "git+https://github.com/bcoin-org/bcrypto.git#semver:~5.5.0"
    bcurl "git+https://github.com/bcoin-org/bcurl.git#semver:^0.2.0"
    bdb "git+https://github.com/bcoin-org/bdb.git#semver:~1.4.0"
    bdns "git+https://github.com/bcoin-org/bdns.git#semver:~0.1.5"
    bevent "git+https://github.com/bcoin-org/bevent.git#semver:~0.1.5"
    bfile "git+https://github.com/bcoin-org/bfile.git#semver:~0.2.1"
    bfilter "git+https://github.com/bcoin-org/bfilter.git#semver:~2.3.0"
    bheep "git+https://github.com/bcoin-org/bheep.git#semver:~0.1.5"
    binet "git+https://github.com/bcoin-org/binet.git#semver:~0.3.7"
    blgr "git+https://github.com/bcoin-org/blgr.git#semver:~0.2.0"
    blru "git+https://github.com/bcoin-org/blru.git#semver:~0.1.6"
    blst "git+https://github.com/bcoin-org/blst.git#semver:~0.1.5"
    bmutex "git+https://github.com/bcoin-org/bmutex.git#semver:~0.1.6"
    brq "git+https://github.com/bcoin-org/brq.git#semver:~0.1.8"
    bs32 "git+https://github.com/bcoin-org/bs32.git#semver:=0.1.6"
    bsert "git+https://github.com/chjj/bsert.git#semver:~0.0.10"
    bsock "git+https://github.com/bcoin-org/bsock.git#semver:~0.1.9"
    bsocks "git+https://github.com/bcoin-org/bsocks.git#semver:~0.2.6"
    btcp "git+https://github.com/bcoin-org/btcp.git#semver:~0.1.5"
    buffer-map "git+https://github.com/chjj/buffer-map.git#semver:~0.0.7"
    bufio "git+https://github.com/bcoin-org/bufio.git#semver:~1.0.7"
    bupnp "git+https://github.com/bcoin-org/bupnp.git#semver:~0.2.6"
    bval "git+https://github.com/bcoin-org/bval.git#semver:~0.1.6"
    bweb "git+https://github.com/bcoin-org/bweb.git#semver:~0.1.10"
    loady "git+https://github.com/chjj/loady.git#semver:~0.0.1"
    n64 "git+https://github.com/chjj/n64.git#semver:~0.2.10"
    nan "git+https://github.com/braydonf/nan.git#semver:=2.14.0"

"bcfg@git+https://github.com/bcoin-org/bcfg.git#semver:~0.1.7":
  version "0.1.8"
  resolved "git+https://github.com/bcoin-org/bcfg.git#90e1aff3b040160cd73956a500765ffcc823f0c2"
  dependencies:
    bsert "~0.0.10"

"bcrypto@git+https://github.com/bcoin-org/bcrypto.git#semver:~5.5.0":
  version "5.5.2"
  resolved "git+https://github.com/bcoin-org/bcrypto.git#b1c4d947b6f3c9b34de5fcc2ffcd11310bd310a3"
  dependencies:
    bufio "~1.0.7"
    loady "~0.0.5"

"bcurl@git+https://github.com/bcoin-org/bcurl.git#semver:^0.2.0":
  version "0.2.1"
  resolved "git+https://github.com/bcoin-org/bcurl.git#73885e833750d724a247fb146a01c682540d0130"
  dependencies:
    brq "~0.1.10"
    bsert "~0.0.12"
    bsock "~0.1.10"

"bdb@git+https://github.com/bcoin-org/bdb.git#semver:~1.4.0":
  version "1.4.0"
  resolved "git+https://github.com/bcoin-org/bdb.git#701c022a6004002bf3aafc774e23b3ca604227ad"
  dependencies:
    bsert "~0.0.10"
    loady "~0.0.5"

"bdns@git+https://github.com/bcoin-org/bdns.git#semver:~0.1.5":
  version "0.1.5"
  resolved "git+https://github.com/bcoin-org/bdns.git#cb0b62a0075f7e1259fc50fa723ba644e9a07d14"
  dependencies:
    bsert "~0.0.10"

"bevent@git+https://github.com/bcoin-org/bevent.git#semver:~0.1.5":
  version "0.1.6"
  resolved "git+https://github.com/bcoin-org/bevent.git#b228729a129987e0ef862d635b15f953b98e68c4"
  dependencies:
    bsert "~0.0.12"

"bfile@git+https://github.com/bcoin-org/bfile.git#semver:~0.2.1":
  version "0.2.3"
  resolved "git+https://github.com/bcoin-org/bfile.git#c13235d04974f0fa5a487fdbaf74611523e2f4e6"

"bfilter@git+https://github.com/bcoin-org/bfilter.git#semver:~2.3.0":
  version "2.3.0"
  resolved "git+https://github.com/bcoin-org/bfilter.git#70e42125f877191d340e8838a1a90fabb750e680"
  dependencies:
    bcrypto "git+https://github.com/bcoin-org/bcrypto.git#semver:~5.5.0"
    bsert "git+https://github.com/chjj/bsert.git#semver:~0.0.10"
    bufio "git+https://github.com/bcoin-org/bufio.git#semver:~1.0.6"
    loady "git+https://github.com/chjj/loady.git#semver:~0.0.1"

"bheep@git+https://github.com/bcoin-org/bheep.git#semver:~0.1.5":
  version "0.1.6"
  resolved "git+https://github.com/bcoin-org/bheep.git#b49f5ec2b74465c2c062e8e9467f1fc1c5e08999"
  dependencies:
    bsert "~0.0.12"

"binet@git+https://github.com/bcoin-org/binet.git#semver:~0.3.7", binet@~0.3.5:
  version "0.3.9"
  resolved "git+https://github.com/bcoin-org/binet.git#9f6a82025db7722abce554749147a832348f5b07"
  dependencies:
    bs32 "~0.1.7"
    bsert "~0.0.12"

"blgr@git+https://github.com/bcoin-org/blgr.git#semver:~0.2.0":
  version "0.2.1"
  resolved "git+https://github.com/bcoin-org/blgr.git#ee753fd383fb465fdb5c7b98265c5dee9ff3f1e7"
  dependencies:
    bsert "~0.0.12"

"blru@git+https://github.com/bcoin-org/blru.git#semver:~0.1.6":
  version "0.1.7"
  resolved "git+https://github.com/bcoin-org/blru.git#6924584415d735cbffbd0be993f031634572472d"
  dependencies:
    bsert "~0.0.12"

"blst@git+https://github.com/bcoin-org/blst.git#semver:~0.1.5":
  version "0.1.6"
  resolved "git+https://github.com/bcoin-org/blst.git#44dcdd354445d76f91ec3e6fce797800cf41d0f4"
  dependencies:
    bsert "~0.0.12"

"bmutex@git+https://github.com/bcoin-org/bmutex.git#semver:~0.1.6":
  version "0.1.7"
  resolved "git+https://github.com/bcoin-org/bmutex.git#7c1845e1baa68734535e8bb17ec21ab5e290c43d"
  dependencies:
    bsert "~0.0.12"

"brq@git+https://github.com/bcoin-org/brq.git#semver:~0.1.8", brq@~0.1.10, brq@~0.1.7:
  version "0.1.10"
  resolved "git+https://github.com/bcoin-org/brq.git#1dee81082de7f00d92bec1fa659f86ff7ab77ac0"
  dependencies:
    bsert "~0.0.12"

"bs32@git+https://github.com/bcoin-org/bs32.git#semver:=0.1.6":
  version "0.1.6"
  resolved "git+https://github.com/bcoin-org/bs32.git#21cf9c724659dc15df722d2410548828c142f265"
  dependencies:
    bsert "~0.0.10"

bs32@~0.1.7:
  version "0.1.7"
  resolved "https://registry.yarnpkg.com/bs32/-/bs32-0.1.7.tgz#b273980b708995e94e6d8f03e1d17ec8e2583a58"
  integrity sha512-I0aKZCBneFTkcVNUIALzsOevqPIF93ynGPX6wj6pXmIBpXVGCqTgdvMx2QyR/NwgOIqMLH++Ovyum28abVG6QA==
  dependencies:
    bsert "~0.0.10"

"bsert@git+https://github.com/chjj/bsert.git#semver:~0.0.10", bsert@~0.0.10, bsert@~0.0.12:
  version "0.0.12"
  resolved "git+https://github.com/chjj/bsert.git#d05c79b7adeb7936c80fd1b09153e8e5c11a88dd"

"bsock@git+https://github.com/bcoin-org/bsock.git#semver:~0.1.9", bsock@~0.1.10, bsock@~0.1.8:
  version "0.1.11"
  resolved "git+https://github.com/bcoin-org/bsock.git#4a580bb7b963c5886af256260eb406f719adb86e"
  dependencies:
    bsert "~0.0.12"

"bsocks@git+https://github.com/bcoin-org/bsocks.git#semver:~0.2.6":
  version "0.2.6"
  resolved "git+https://github.com/bcoin-org/bsocks.git#6a8eb764dc4408e7f47da4f84e1afb1b393117e8"
  dependencies:
    binet "~0.3.5"
    bsert "~0.0.10"

"btcp@git+https://github.com/bcoin-org/btcp.git#semver:~0.1.5":
  version "0.1.5"
  resolved "git+https://github.com/bcoin-org/btcp.git#4ea7e1ce5a43cd5348152c007aff76a419190a3a"

"buffer-map@git+https://github.com/chjj/buffer-map.git#semver:~0.0.7":
  version "0.0.7"
  resolved "git+https://github.com/chjj/buffer-map.git#bad5863af9a520701937a17fc8fa2bd8ca8e73f3"

"bufio@git+https://github.com/bcoin-org/bufio.git#semver:~1.0.6", "bufio@git+https://github.com/bcoin-org/bufio.git#semver:~1.0.7", bufio@~1.0.7:
  version "1.0.7"
  uid "91ae6c93899ff9fad7d7cee9afd2a1c4933ca984"
  resolved "git+https://github.com/bcoin-org/bufio.git#91ae6c93899ff9fad7d7cee9afd2a1c4933ca984"

"bupnp@git+https://github.com/bcoin-org/bupnp.git#semver:~0.2.6":
  version "0.2.6"
  resolved "git+https://github.com/bcoin-org/bupnp.git#c44fa7356aa297c9de96e8ad094a6816939cd688"
  dependencies:
    binet "~0.3.5"
    brq "~0.1.7"
    bsert "~0.0.10"

"bval@git+https://github.com/bcoin-org/bval.git#semver:~0.1.6":
  version "0.1.8"
  resolved "git+https://github.com/bcoin-org/bval.git#f9c44d510bbc5bcc13cbd4b67e9704a24cc5ec0e"
  dependencies:
    bsert "~0.0.10"

"bweb@git+https://github.com/bcoin-org/bweb.git#semver:~0.1.10":
  version "0.1.12"
  resolved "git+https://github.com/bcoin-org/bweb.git#b4178221b70100e9788e036701daa4a0a447540b"
  dependencies:
    bsert "~0.0.10"
    bsock "~0.1.8"

"loady@git+https://github.com/chjj/loady.git#semver:~0.0.1", loady@~0.0.5:
  version "0.0.5"
  resolved "git+https://github.com/chjj/loady.git#b94958b7ee061518f4b85ea6da380e7ee93222d5"

"n64@git+https://github.com/chjj/n64.git#semver:~0.2.10":
  version "0.2.10"
  resolved "git+https://github.com/chjj/n64.git#34f981f1441f569821d97a31f8cf21a3fc11b8f6"

"nan@git+https://github.com/braydonf/nan.git#semver:=2.14.0":
  version "2.14.0"
  resolved "git+https://github.com/braydonf/nan.git#1dcc61bd06d84e389bfd5311b2b1492a14c74201"
